
Microsoft Visual Studio Solution File, Format Version 12.00
# Visual Studio Version 16
VisualStudioVersion = 16.0.31321.278
MinimumVisualStudioVersion = 10.0.40219.1
Project("{FAE04EC0-301F-11D3-BF4B-00C04F79EFBC}") = "Calculator", "Calculator\Calculator.csproj", "{C1E112A5-AFF0-4797-A4C0-82C9CBAC4F80}"
EndProject
Global
	GlobalSection(SolutionConfigurationPlatforms) = preSolution
		Debug|Any CPU = Debug|Any CPU
		Release|Any CPU = Release|Any CPU
	EndGlobalSection
	GlobalSection(ProjectConfigurationPlatforms) = postSolution
		{C1E112A5-AFF0-4797-A4C0-82C9CBAC4F80}.Debug|Any CPU.ActiveCfg = Debug|Any CPU
		{C1E112A5-AFF0-4797-A4C0-82C9CBAC4F80}.Debug|Any CPU.Build.0 = Debug|Any CPU
		{C1E112A5-AFF0-4797-A4C0-82C9CBAC4F80}.Release|Any CPU.ActiveCfg = Release|Any CPU
		{C1E112A5-AFF0-4797-A4C0-82C9CBAC4F80}.Release|Any CPU.Build.0 = Release|Any CPU
	EndGlobalSection
	GlobalSection(SolutionProperties) = preSolution
		HideSolutionNode = FALSE
	EndGlobalSection
	GlobalSection(ExtensibilityGlobals) = postSolution
		SolutionGuid = {35187AF7-A93B-4AB5-A237-D3116C930166}
	EndGlobalSection
EndGlobal
